{
  "current_commit": "c408d501786581ca1bf17fb3b8d93b7283f20732",
  "working_tree_dirty": true,
  "generated_at": "2026-08-12T00:31:07Z",
  "scanned_scope": [
    "."
  ],
  "excluded_directories": [
    ".cache",
    ".git",
    ".hg",
    ".next",
    ".nuxt",
    ".svn",
    ".turbo",
    ".venv",
    "__pycache__",
    "build",
    "coverage",
    "dist",
    "docs/codemap",
    "generated",
    "node_modules",
    "out",
    "target",
    "vendor",
    "venv"
  ],
  "fingerprint_algorithm": "sha256-path-content-v1",
  "modules": [
    {
      "id": ".",
      "path": ".",
      "file_count": 17,
      "fingerprint": "c02184f3afcc25976ec5d040d289ec4d23508f69f8e7cb26accf12d2565ad323"
    },
    {
      "id": ".github",
      "path": ".github",
      "file_count": 1,
      "fingerprint": "bdee7e8ddbca67d3866d04e0596df05ee6aa47e736be82b7f6e9ee3f1796caa9"
    },
    {
      "id": ".proof-deploy-1eb1cf00",
      "path": ".proof-deploy-1eb1cf00",
      "file_count": 4,
      "fingerprint": "48c03550d4b3b6efb3646045c3286d239b1a22e09546a422a4057cb70ba0a495"
    },
    {
      "id": ".proof-deploy-dead-1eb1cf00",
      "path": ".proof-deploy-dead-1eb1cf00",
      "file_count": 2,
      "fingerprint": "be502945e337e5d2c0c42a5354225ee2d24527da3ec5c723c74348cb5f680fbb"
    },
    {
      "id": ".proof-escape-dead-final",
      "path": ".proof-escape-dead-final",
      "file_count": 2,
      "fingerprint": "58854129b7f2cdc5cccd7e91c262506639e2c2e750c6320eebb39e777ac64693"
    },
    {
      "id": ".proof-escape-dead-final-2",
      "path": ".proof-escape-dead-final-2",
      "file_count": 2,
      "fingerprint": "4d8c05d55382820196f841147954b02e0103dca02abf8a673ff39db489762d99"
    },
    {
      "id": ".proof-escape-mobile",
      "path": ".proof-escape-mobile",
      "file_count": 2,
      "fingerprint": "08e0f305ae54635002a2d260d7f30d36f4195f5b6c71ca3cc77136bc47039e80"
    },
    {
      "id": ".proof-escape-smoke",
      "path": ".proof-escape-smoke",
      "file_count": 4,
      "fingerprint": "894148f0b704772cb9a8db0671bcd1685dad34e6a3b98c3a737071d481238205"
    },
    {
      "id": ".proof-escape-smoke-final",
      "path": ".proof-escape-smoke-final",
      "file_count": 4,
      "fingerprint": "0882533b7f44148795378a89c3f3a1c5c74696eb2ec6aeb60cc718675955c067"
    },
    {
      "id": ".proof-escape-smoke-final-2",
      "path": ".proof-escape-smoke-final-2",
      "file_count": 4,
      "fingerprint": "1f2573b49eadeeb789c52cd81210fbf1deca3b92355dfd0894fe789ce807d2b1"
    },
    {
      "id": ".proof-escape-you-died",
      "path": ".proof-escape-you-died",
      "file_count": 2,
      "fingerprint": "a6aa48e6e11da2b4b057f7d14cfeeacbf674313e7d5215deeebb8ea6fce9cbfb"
    },
    {
      "id": ".vscode",
      "path": ".vscode",
      "file_count": 2,
      "fingerprint": "a0e58bd1940c1890253701796fc31f1f62ac5fea986c299809075df75db1fdbb"
    },
    {
      "id": "assets-source",
      "path": "assets-source",
      "file_count": 1770,
      "fingerprint": "49c7c6e925f4bcbb8b2528599d471d14dcaf789a6334e5e12bfffac84340ad89"
    },
    {
      "id": "docs",
      "path": "docs",
      "file_count": 42,
      "fingerprint": "9ea5a1a943833103cd781a671cc6fd3aec32f379acd9e0537684b519e11028c0"
    },
    {
      "id": "migrations",
      "path": "migrations",
      "file_count": 4,
      "fingerprint": "2eda6120916647d468ce099ec3063f804e3e5ff1e249a748592cd03f0cea752c"
    },
    {
      "id": "public",
      "path": "public",
      "file_count": 772,
      "fingerprint": "78350fee8724e3a12ba5a7a3585e3d54611c24253492d1c34de18157d55fa69b"
    },
    {
      "id": "scripts",
      "path": "scripts",
      "file_count": 63,
      "fingerprint": "b1223713bec77e1aeeb0e86c4541b1e44eb71e4143c7566bcb4841a2e96a2351"
    },
    {
      "id": "server",
      "path": "server",
      "file_count": 2,
      "fingerprint": "58522ccaa46bfa4e8cb6b1cc850551e72544af1d475c50b1d06ea6aed7ea61d1"
    },
    {
      "id": "src",
      "path": "src",
      "file_count": 233,
      "fingerprint": "c97bb3875fa2c254e8451efd6ace948a05a3c19bfcf58fd4231a1bfbc59530d7"
    },
    {
      "id": "tests",
      "path": "tests",
      "file_count": 209,
      "fingerprint": "a075d861cb8da08d1f1f7bbb81f0e277a379c6a6cf69c011308c2a0932beab50"
    },
    {
      "id": "worker",
      "path": "worker",
      "file_count": 3,
      "fingerprint": "87b3481b79e890ba085cf69c9f318425abb2285a340467ef290273aeaba22e77"
    }
  ]
}
