{
  "current_commit": "dbe6d3eb1bb8910db9f4dfa1b911148d377aea4f",
  "working_tree_dirty": true,
  "generated_at": "2026-08-11T18:04:22Z",
  "scanned_scope": [
    "."
  ],
  "excluded_directories": [
    ".cache",
    ".git",
    ".hg",
    ".next",
    ".nuxt",
    ".proof-deploy-1eb1cf00",
    ".proof-deploy-dead-1eb1cf00",
    ".proof-escape-dead-final",
    ".proof-escape-dead-final-2",
    ".proof-escape-mobile",
    ".proof-escape-smoke",
    ".proof-escape-smoke-final",
    ".proof-escape-smoke-final-2",
    ".proof-escape-you-died",
    ".svn",
    ".turbo",
    ".venv",
    "__pycache__",
    "build",
    "coverage",
    "dist",
    "docs/codemap",
    "generated",
    "node_modules",
    "out",
    "target",
    "vendor",
    "venv"
  ],
  "fingerprint_algorithm": "sha256-path-content-v1",
  "modules": [
    {
      "id": ".",
      "path": ".",
      "file_count": 17,
      "fingerprint": "1f269cd6d441f77b365fdb90aee2920d20e499c1eeb4126d020b6c27ada10aa6"
    },
    {
      "id": ".github",
      "path": ".github",
      "file_count": 1,
      "fingerprint": "bdee7e8ddbca67d3866d04e0596df05ee6aa47e736be82b7f6e9ee3f1796caa9"
    },
    {
      "id": ".vscode",
      "path": ".vscode",
      "file_count": 2,
      "fingerprint": "a0e58bd1940c1890253701796fc31f1f62ac5fea986c299809075df75db1fdbb"
    },
    {
      "id": "assets-source",
      "path": "assets-source",
      "file_count": 1770,
      "fingerprint": "49c7c6e925f4bcbb8b2528599d471d14dcaf789a6334e5e12bfffac84340ad89"
    },
    {
      "id": "docs",
      "path": "docs",
      "file_count": 41,
      "fingerprint": "c111ee29bdac0958ff34d3cc8e4be6bfb36dd46dfa04f1e9dc39ebe1afa9fa2b"
    },
    {
      "id": "migrations",
      "path": "migrations",
      "file_count": 4,
      "fingerprint": "2eda6120916647d468ce099ec3063f804e3e5ff1e249a748592cd03f0cea752c"
    },
    {
      "id": "public",
      "path": "public",
      "file_count": 772,
      "fingerprint": "78350fee8724e3a12ba5a7a3585e3d54611c24253492d1c34de18157d55fa69b"
    },
    {
      "id": "scripts",
      "path": "scripts",
      "file_count": 63,
      "fingerprint": "0eae002fea6141d4d4da38b7e85e9a1655eae8615f817c00c89a771342db36da"
    },
    {
      "id": "server",
      "path": "server",
      "file_count": 2,
      "fingerprint": "58522ccaa46bfa4e8cb6b1cc850551e72544af1d475c50b1d06ea6aed7ea61d1"
    },
    {
      "id": "src",
      "path": "src",
      "file_count": 229,
      "fingerprint": "55e95e73ef5bebd506e4e636b2b66078f19a796e28a2eef8cb6cb228f5ace4b4"
    },
    {
      "id": "tests",
      "path": "tests",
      "file_count": 205,
      "fingerprint": "da1b1f91387e1bb9005d8f7cfec33305361dcab3e4d919c38a06753c6f69ae13"
    },
    {
      "id": "worker",
      "path": "worker",
      "file_count": 3,
      "fingerprint": "87b3481b79e890ba085cf69c9f318425abb2285a340467ef290273aeaba22e77"
    }
  ]
}
